
Microsoft Visual Studio Solution File, Format Version 12.00
# Visual Studio 15
Project("{FAE04EC0-301F-11D3-BF4B-00C04F79EFBC}") = "Assembly-CSharp", "Assembly-CSharp.csproj", "{2183896E-C251-F641-C866-0F194761ECB9}"
EndProject
Project("{FAE04EC0-301F-11D3-BF4B-00C04F79EFBC}") = "QFSW.QC", "QFSW.QC.csproj", "{F17E184B-7FBB-1187-C2B9-18CF74D39742}"
EndProject
Project("{FAE04EC0-301F-11D3-BF4B-00C04F79EFBC}") = "QFSW.QC.Extras", "QFSW.QC.Extras.csproj", "{1BC7C681-3499-A5E2-5AD1-20CD14D4EB34}"
EndProject
Project("{FAE04EC0-301F-11D3-BF4B-00C04F79EFBC}") = "QFSW.QC.Suggestors", "QFSW.QC.Suggestors.csproj", "{195BF874-0E0A-0EAE-56B5-8A595599E0BB}"
EndProject
Project("{FAE04EC0-301F-11D3-BF4B-00C04F79EFBC}") = "QFSW.QC.Grammar", "QFSW.QC.Grammar.csproj", "{7CFC2CB7-B130-2C91-296F-1A3FC8F4F6FF}"
EndProject
Project("{FAE04EC0-301F-11D3-BF4B-00C04F79EFBC}") = "QFSW.QC.Editor", "QFSW.QC.Editor.csproj", "{20D474F9-BDB0-8D69-60E2-7948FE84EECD}"
EndProject
Project("{FAE04EC0-301F-11D3-BF4B-00C04F79EFBC}") = "QFSW.QC.Parsers", "QFSW.QC.Parsers.csproj", "{CD237289-2A4A-189F-F673-1CB6DE06061C}"
EndProject
Project("{FAE04EC0-301F-11D3-BF4B-00C04F79EFBC}") = "QFSW.QC.QGUI", "QFSW.QC.QGUI.csproj", "{FE7F8402-28D9-F210-0F79-93223E61F817}"
EndProject
Project("{FAE04EC0-301F-11D3-BF4B-00C04F79EFBC}") = "QFSW.QC.Editor.Tools", "QFSW.QC.Editor.Tools.csproj", "{3F22A448-9C05-937A-8666-FBB045BB1ABE}"
EndProject
Project("{FAE04EC0-301F-11D3-BF4B-00C04F79EFBC}") = "QFSW.QC.UI", "QFSW.QC.UI.csproj", "{94ACF374-EBE6-20C0-31B2-CF0512D4EF58}"
EndProject
Project("{FAE04EC0-301F-11D3-BF4B-00C04F79EFBC}") = "QFSW.QC.ScanRules", "QFSW.QC.ScanRules.csproj", "{C6B1A9FC-6D57-3A13-F191-9B7ADBEA1AE1}"
EndProject
Project("{FAE04EC0-301F-11D3-BF4B-00C04F79EFBC}") = "QFSW.QC.Serializers", "QFSW.QC.Serializers.csproj", "{514B667B-B691-5DE6-C56C-BF581A5E12FC}"
EndProject
Project("{FAE04EC0-301F-11D3-BF4B-00C04F79EFBC}") = "QFSW.QC.Demo", "QFSW.QC.Demo.csproj", "{137466B7-4BAE-2502-10B0-938B9EC3DA0A}"
EndProject
Global
	GlobalSection(SolutionConfigurationPlatforms) = preSolution
		Debug|Any CPU = Debug|Any CPU
		Release|Any CPU = Release|Any CPU
	EndGlobalSection
	GlobalSection(ProjectConfigurationPlatforms) = postSolution
		{2183896E-C251-F641-C866-0F194761ECB9}.Debug|Any CPU.ActiveCfg = Debug|Any CPU
		{2183896E-C251-F641-C866-0F194761ECB9}.Debug|Any CPU.Build.0 = Debug|Any CPU
		{2183896E-C251-F641-C866-0F194761ECB9}.Release|Any CPU.ActiveCfg = Release|Any CPU
		{2183896E-C251-F641-C866-0F194761ECB9}.Release|Any CPU.Build.0 = Release|Any CPU
		{F17E184B-7FBB-1187-C2B9-18CF74D39742}.Debug|Any CPU.ActiveCfg = Debug|Any CPU
		{F17E184B-7FBB-1187-C2B9-18CF74D39742}.Debug|Any CPU.Build.0 = Debug|Any CPU
		{F17E184B-7FBB-1187-C2B9-18CF74D39742}.Release|Any CPU.ActiveCfg = Release|Any CPU
		{F17E184B-7FBB-1187-C2B9-18CF74D39742}.Release|Any CPU.Build.0 = Release|Any CPU
		{1BC7C681-3499-A5E2-5AD1-20CD14D4EB34}.Debug|Any CPU.ActiveCfg = Debug|Any CPU
		{1BC7C681-3499-A5E2-5AD1-20CD14D4EB34}.Debug|Any CPU.Build.0 = Debug|Any CPU
		{1BC7C681-3499-A5E2-5AD1-20CD14D4EB34}.Release|Any CPU.ActiveCfg = Release|Any CPU
		{1BC7C681-3499-A5E2-5AD1-20CD14D4EB34}.Release|Any CPU.Build.0 = Release|Any CPU
		{195BF874-0E0A-0EAE-56B5-8A595599E0BB}.Debug|Any CPU.ActiveCfg = Debug|Any CPU
		{195BF874-0E0A-0EAE-56B5-8A595599E0BB}.Debug|Any CPU.Build.0 = Debug|Any CPU
		{195BF874-0E0A-0EAE-56B5-8A595599E0BB}.Release|Any CPU.ActiveCfg = Release|Any CPU
		{195BF874-0E0A-0EAE-56B5-8A595599E0BB}.Release|Any CPU.Build.0 = Release|Any CPU
		{7CFC2CB7-B130-2C91-296F-1A3FC8F4F6FF}.Debug|Any CPU.ActiveCfg = Debug|Any CPU
		{7CFC2CB7-B130-2C91-296F-1A3FC8F4F6FF}.Debug|Any CPU.Build.0 = Debug|Any CPU
		{7CFC2CB7-B130-2C91-296F-1A3FC8F4F6FF}.Release|Any CPU.ActiveCfg = Release|Any CPU
		{7CFC2CB7-B130-2C91-296F-1A3FC8F4F6FF}.Release|Any CPU.Build.0 = Release|Any CPU
		{20D474F9-BDB0-8D69-60E2-7948FE84EECD}.Debug|Any CPU.ActiveCfg = Debug|Any CPU
		{20D474F9-BDB0-8D69-60E2-7948FE84EECD}.Debug|Any CPU.Build.0 = Debug|Any CPU
		{20D474F9-BDB0-8D69-60E2-7948FE84EECD}.Release|Any CPU.ActiveCfg = Release|Any CPU
		{20D474F9-BDB0-8D69-60E2-7948FE84EECD}.Release|Any CPU.Build.0 = Release|Any CPU
		{CD237289-2A4A-189F-F673-1CB6DE06061C}.Debug|Any CPU.ActiveCfg = Debug|Any CPU
		{CD237289-2A4A-189F-F673-1CB6DE06061C}.Debug|Any CPU.Build.0 = Debug|Any CPU
		{CD237289-2A4A-189F-F673-1CB6DE06061C}.Release|Any CPU.ActiveCfg = Release|Any CPU
		{CD237289-2A4A-189F-F673-1CB6DE06061C}.Release|Any CPU.Build.0 = Release|Any CPU
		{FE7F8402-28D9-F210-0F79-93223E61F817}.Debug|Any CPU.ActiveCfg = Debug|Any CPU
		{FE7F8402-28D9-F210-0F79-93223E61F817}.Debug|Any CPU.Build.0 = Debug|Any CPU
		{FE7F8402-28D9-F210-0F79-93223E61F817}.Release|Any CPU.ActiveCfg = Release|Any CPU
		{FE7F8402-28D9-F210-0F79-93223E61F817}.Release|Any CPU.Build.0 = Release|Any CPU
		{3F22A448-9C05-937A-8666-FBB045BB1ABE}.Debug|Any CPU.ActiveCfg = Debug|Any CPU
		{3F22A448-9C05-937A-8666-FBB045BB1ABE}.Debug|Any CPU.Build.0 = Debug|Any CPU
		{3F22A448-9C05-937A-8666-FBB045BB1ABE}.Release|Any CPU.ActiveCfg = Release|Any CPU
		{3F22A448-9C05-937A-8666-FBB045BB1ABE}.Release|Any CPU.Build.0 = Release|Any CPU
		{94ACF374-EBE6-20C0-31B2-CF0512D4EF58}.Debug|Any CPU.ActiveCfg = Debug|Any CPU
		{94ACF374-EBE6-20C0-31B2-CF0512D4EF58}.Debug|Any CPU.Build.0 = Debug|Any CPU
		{94ACF374-EBE6-20C0-31B2-CF0512D4EF58}.Release|Any CPU.ActiveCfg = Release|Any CPU
		{94ACF374-EBE6-20C0-31B2-CF0512D4EF58}.Release|Any CPU.Build.0 = Release|Any CPU
		{C6B1A9FC-6D57-3A13-F191-9B7ADBEA1AE1}.Debug|Any CPU.ActiveCfg = Debug|Any CPU
		{C6B1A9FC-6D57-3A13-F191-9B7ADBEA1AE1}.Debug|Any CPU.Build.0 = Debug|Any CPU
		{C6B1A9FC-6D57-3A13-F191-9B7ADBEA1AE1}.Release|Any CPU.ActiveCfg = Release|Any CPU
		{C6B1A9FC-6D57-3A13-F191-9B7ADBEA1AE1}.Release|Any CPU.Build.0 = Release|Any CPU
		{514B667B-B691-5DE6-C56C-BF581A5E12FC}.Debug|Any CPU.ActiveCfg = Debug|Any CPU
		{514B667B-B691-5DE6-C56C-BF581A5E12FC}.Debug|Any CPU.Build.0 = Debug|Any CPU
		{514B667B-B691-5DE6-C56C-BF581A5E12FC}.Release|Any CPU.ActiveCfg = Release|Any CPU
		{514B667B-B691-5DE6-C56C-BF581A5E12FC}.Release|Any CPU.Build.0 = Release|Any CPU
		{137466B7-4BAE-2502-10B0-938B9EC3DA0A}.Debug|Any CPU.ActiveCfg = Debug|Any CPU
		{137466B7-4BAE-2502-10B0-938B9EC3DA0A}.Debug|Any CPU.Build.0 = Debug|Any CPU
		{137466B7-4BAE-2502-10B0-938B9EC3DA0A}.Release|Any CPU.ActiveCfg = Release|Any CPU
		{137466B7-4BAE-2502-10B0-938B9EC3DA0A}.Release|Any CPU.Build.0 = Release|Any CPU
	EndGlobalSection
	GlobalSection(SolutionProperties) = preSolution
		HideSolutionNode = FALSE
	EndGlobalSection
EndGlobal
